
Microsoft Visual Studio Solution File, Format Version 12.00
Project("{FAE04EC0-301F-11D3-BF4B-00C04F79EFBC}") = "therapy.backend", "therapy.backend\therapy.backend.csproj", "{BDDF865B-819A-46A4-90C7-A11C8519A108}"
EndProject
Global
	GlobalSection(SolutionConfigurationPlatforms) = preSolution
		Debug|Any CPU = Debug|Any CPU
		Release|Any CPU = Release|Any CPU
	EndGlobalSection
	GlobalSection(ProjectConfigurationPlatforms) = postSolution
		{BDDF865B-819A-46A4-90C7-A11C8519A108}.Debug|Any CPU.ActiveCfg = Debug|Any CPU
		{BDDF865B-819A-46A4-90C7-A11C8519A108}.Debug|Any CPU.Build.0 = Debug|Any CPU
		{BDDF865B-819A-46A4-90C7-A11C8519A108}.Release|Any CPU.ActiveCfg = Release|Any CPU
		{BDDF865B-819A-46A4-90C7-A11C8519A108}.Release|Any CPU.Build.0 = Release|Any CPU
	EndGlobalSection
EndGlobal
